{
  "name": "realtime-whiteboard-app",
  "version": "1.0.0",
  "description": "Một bảng trắng tương tác thời gian thực bằng Node.js và Socket.IO",
  "main": "server.js",
  "scripts": {
    "start": "node server.js",
    "test": "echo \"Error: no test specified\" && exit 1"
  },
  "dependencies": {
    "express": "^4.19.2",    // Phiên bản Express, dấu ^ cho phép cập nhật nhỏ
    "socket.io": "^4.7.5"   // Phiên bản Socket.IO, dấu ^ cho phép cập nhật nhỏ
  },
  "engines": {
    "node": "20.x"          // !!! QUAN TRỌNG: THAY "20.x" bằng phiên bản Node.js chính của bạn (ví dụ: "18.x", "22.x") !!!
  },
  "keywords": [
    "whiteboard",
    "realtime",
    "collaboration",
    "socket.io",
    "node",
    "express",
    "canvas"
  ],
  "author": "Your Name", // Thay bằng tên của bạn nếu muốn
  "license": "ISC"       // Giấy phép mặc định, bạn có thể đổi nếu cần
}